
Microsoft Visual Studio Solution File, Format Version 12.00
# Visual Studio Version 16
VisualStudioVersion = 16.0.29911.84
MinimumVisualStudioVersion = 10.0.40219.1
Project("{9A19103F-16F7-4668-BE54-9A1E7A4F7556}") = "EntityFrameworkCore.SqlChangeTracking.SyncEngine", "EntityFrameworkCore.SqlChangeTracking.SyncEngine\EntityFrameworkCore.SqlChangeTracking.SyncEngine.csproj", "{7303230E-A8F9-4099-84B4-04657F297D80}"
EndProject
Project("{FAE04EC0-301F-11D3-BF4B-00C04F79EFBC}") = "EntityFrameworkCore.SqlChangeTracking.SyncEngine.Tests", "EntityFrameworkCore.SqlChangeTracking.SyncEngine.Tests\EntityFrameworkCore.SqlChangeTracking.SyncEngine.Tests.csproj", "{2A7090FB-F7DA-4756-83E7-801883A01A78}"
EndProject
Global
	GlobalSection(SolutionConfigurationPlatforms) = preSolution
		Debug|Any CPU = Debug|Any CPU
		Release|Any CPU = Release|Any CPU
	EndGlobalSection
	GlobalSection(ProjectConfigurationPlatforms) = postSolution
		{7303230E-A8F9-4099-84B4-04657F297D80}.Debug|Any CPU.ActiveCfg = Debug|Any CPU
		{7303230E-A8F9-4099-84B4-04657F297D80}.Debug|Any CPU.Build.0 = Debug|Any CPU
		{7303230E-A8F9-4099-84B4-04657F297D80}.Release|Any CPU.ActiveCfg = Release|Any CPU
		{7303230E-A8F9-4099-84B4-04657F297D80}.Release|Any CPU.Build.0 = Release|Any CPU
		{2A7090FB-F7DA-4756-83E7-801883A01A78}.Debug|Any CPU.ActiveCfg = Debug|Any CPU
		{2A7090FB-F7DA-4756-83E7-801883A01A78}.Debug|Any CPU.Build.0 = Debug|Any CPU
		{2A7090FB-F7DA-4756-83E7-801883A01A78}.Release|Any CPU.ActiveCfg = Release|Any CPU
		{2A7090FB-F7DA-4756-83E7-801883A01A78}.Release|Any CPU.Build.0 = Release|Any CPU
	EndGlobalSection
	GlobalSection(SolutionProperties) = preSolution
		HideSolutionNode = FALSE
	EndGlobalSection
	GlobalSection(ExtensibilityGlobals) = postSolution
		SolutionGuid = {1574E418-7769-4DCA-97A0-0FCF139F65FD}
	EndGlobalSection
EndGlobal
